// !$*UTF8*$!
{
	archiveVersion = 1;
	classes = {
	};
	objectVersion = 46;
	objects = {

/* Begin PBXBuildFile section */
		261D512C19022FC900BC8564 /* Foundation.framework in Frameworks */ = {isa = PBXBuildFile; fileRef = 261D512B19022FC900BC8564 /* Foundation.framework */; };
		261D512E19022FC900BC8564 /* CoreGraphics.framework in Frameworks */ = {isa = PBXBuildFile; fileRef = 261D512D19022FC900BC8564 /* CoreGraphics.framework */; };
		261D513019022FC900BC8564 /* UIKit.framework in Frameworks */ = {isa = PBXBuildFile; fileRef = 261D512F19022FC900BC8564 /* UIKit.framework */; };
		261D513619022FC900BC8564 /* InfoPlist.strings in Resources */ = {isa = PBXBuildFile; fileRef = 261D513419022FC900BC8564 /* InfoPlist.strings */; };
		261D513819022FC900BC8564 /* main.m in Sources */ = {isa = PBXBuildFile; fileRef = 261D513719022FC900BC8564 /* main.m */; };
		261D513C19022FC900BC8564 /* AttributorAppDelegate.m in Sources */ = {isa = PBXBuildFile; fileRef = 261D513B19022FC900BC8564 /* AttributorAppDelegate.m */; };
		261D513F19022FC900BC8564 /* Main.storyboard in Resources */ = {isa = PBXBuildFile; fileRef = 261D513D19022FC900BC8564 /* Main.storyboard */; };
		261D514219022FC900BC8564 /* AttributorViewController.m in Sources */ = {isa = PBXBuildFile; fileRef = 261D514119022FC900BC8564 /* AttributorViewController.m */; };
		261D514419022FC900BC8564 /* Images.xcassets in Resources */ = {isa = PBXBuildFile; fileRef = 261D514319022FC900BC8564 /* Images.xcassets */; };
		261D514B19022FC900BC8564 /* XCTest.framework in Frameworks */ = {isa = PBXBuildFile; fileRef = 261D514A19022FC900BC8564 /* XCTest.framework */; };
		261D514C19022FC900BC8564 /* Foundation.framework in Frameworks */ = {isa = PBXBuildFile; fileRef = 261D512B19022FC900BC8564 /* Foundation.framework */; };
		261D514D19022FC900BC8564 /* UIKit.framework in Frameworks */ = {isa = PBXBuildFile; fileRef = 261D512F19022FC900BC8564 /* UIKit.framework */; };
		261D515519022FC900BC8564 /* InfoPlist.strings in Resources */ = {isa = PBXBuildFile; fileRef = 261D515319022FC900BC8564 /* InfoPlist.strings */; };
		261D515719022FC900BC8564 /* AttributorTests.m in Sources */ = {isa = PBXBuildFile; fileRef = 261D515619022FC900BC8564 /* AttributorTests.m */; };
		261D51621902B1FD00BC8564 /* TextStatsViewController.m in Sources */ = {isa = PBXBuildFile; fileRef = 261D51611902B1FD00BC8564 /* TextStatsViewController.m */; };
/* End PBXBuildFile section */

/* Begin PBXContainerItemProxy section */
		261D514E19022FC900BC8564 /* PBXContainerItemProxy */ = {
			isa = PBXContainerItemProxy;
			containerPortal = 261D512019022FC900BC8564 /* Project object */;
			proxyType = 1;
			remoteGlobalIDString = 261D512719022FC900BC8564;
			remoteInfo = Attributor;
		};
/* End PBXContainerItemProxy section */

/* Begin PBXFileReference section */
		261D512819022FC900BC8564 /* Attributor.app */ = {isa = PBXFileReference; explicitFileType = wrapper.application; includeInIndex = 0; path = Attributor.app; sourceTree = BUILT_PRODUCTS_DIR; };
		261D512B19022FC900BC8564 /* Foundation.framework */ = {isa = PBXFileReference; lastKnownFileType = wrapper.framework; name = Foundation.framework; path = System/Library/Frameworks/Foundation.framework; sourceTree = SDKROOT; };
		261D512D19022FC900BC8564 /* CoreGraphics.framework */ = {isa = PBXFileReference; lastKnownFileType = wrapper.framework; name = CoreGraphics.framework; path = System/Library/Frameworks/CoreGraphics.framework; sourceTree = SDKROOT; };
		261D512F19022FC900BC8564 /* UIKit.framework */ = {isa = PBXFileReference; lastKnownFileType = wrapper.framework; name = UIKit.framework; path = System/Library/Frameworks/UIKit.framework; sourceTree = SDKROOT; };
		261D513319022FC900BC8564 /* Attributor-Info.plist */ = {isa = PBXFileReference; lastKnownFileType = text.plist.xml; path = "Attributor-Info.plist"; sourceTree = "<group>"; };
		261D513519022FC900BC8564 /* en */ = {isa = PBXFileReference; lastKnownFileType = text.plist.strings; name = en; path = en.lproj/InfoPlist.strings; sourceTree = "<group>"; };
		261D513719022FC900BC8564 /* main.m */ = {isa = PBXFileReference; lastKnownFileType = sourcecode.c.objc; path = main.m; sourceTree = "<group>"; };
		261D513919022FC900BC8564 /* Attributor-Prefix.pch */ = {isa = PBXFileReference; lastKnownFileType = sourcecode.c.h; path = "Attributor-Prefix.pch"; sourceTree = "<group>"; };
		261D513A19022FC900BC8564 /* AttributorAppDelegate.h */ = {isa = PBXFileReference; lastKnownFileType = sourcecode.c.h; path = AttributorAppDelegate.h; sourceTree = "<group>"; };
		261D513B19022FC900BC8564 /* AttributorAppDelegate.m */ = {isa = PBXFileReference; lastKnownFileType = sourcecode.c.objc; path = AttributorAppDelegate.m; sourceTree = "<group>"; };
		261D513E19022FC900BC8564 /* Base */ = {isa = PBXFileReference; lastKnownFileType = file.storyboard; name = Base; path = Base.lproj/Main.storyboard; sourceTree = "<group>"; };
		261D514019022FC900BC8564 /* AttributorViewController.h */ = {isa = PBXFileReference; lastKnownFileType = sourcecode.c.h; path = AttributorViewController.h; sourceTree = "<group>"; };
		261D514119022FC900BC8564 /* AttributorViewController.m */ = {isa = PBXFileReference; lastKnownFileType = sourcecode.c.objc; path = AttributorViewController.m; sourceTree = "<group>"; };
		261D514319022FC900BC8564 /* Images.xcassets */ = {isa = PBXFileReference; lastKnownFileType = folder.assetcatalog; path = Images.xcassets; sourceTree = "<group>"; };
		261D514919022FC900BC8564 /* AttributorTests.xctest */ = {isa = PBXFileReference; explicitFileType = wrapper.cfbundle; includeInIndex = 0; path = AttributorTests.xctest; sourceTree = BUILT_PRODUCTS_DIR; };
		261D514A19022FC900BC8564 /* XCTest.framework */ = {isa = PBXFileReference; lastKnownFileType = wrapper.framework; name = XCTest.framework; path = Library/Frameworks/XCTest.framework; sourceTree = DEVELOPER_DIR; };
		261D515219022FC900BC8564 /* AttributorTests-Info.plist */ = {isa = PBXFileReference; lastKnownFileType = text.plist.xml; path = "AttributorTests-Info.plist"; sourceTree = "<group>"; };
		261D515419022FC900BC8564 /* en */ = {isa = PBXFileReference; lastKnownFileType = text.plist.strings; name = en; path = en.lproj/InfoPlist.strings; sourceTree = "<group>"; };
		261D515619022FC900BC8564 /* AttributorTests.m */ = {isa = PBXFileReference; lastKnownFileType = sourcecode.c.objc; path = AttributorTests.m; sourceTree = "<group>"; };
		261D51601902B1FD00BC8564 /* TextStatsViewController.h */ = {isa = PBXFileReference; fileEncoding = 4; lastKnownFileType = sourcecode.c.h; path = TextStatsViewController.h; sourceTree = "<group>"; };
		261D51611902B1FD00BC8564 /* TextStatsViewController.m */ = {isa = PBXFileReference; fileEncoding = 4; lastKnownFileType = sourcecode.c.objc; path = TextStatsViewController.m; sourceTree = "<group>"; };
/* End PBXFileReference section */

/* Begin PBXFrameworksBuildPhase section */
		261D512519022FC900BC8564 /* Frameworks */ = {
			isa = PBXFrameworksBuildPhase;
			buildActionMask = 2147483647;
			files = (
				261D512E19022FC900BC8564 /* CoreGraphics.framework in Frameworks */,
				261D513019022FC900BC8564 /* UIKit.framework in Frameworks */,
				261D512C19022FC900BC8564 /* Foundation.framework in Frameworks */,
			);
			runOnlyForDeploymentPostprocessing = 0;
		};
		261D514619022FC900BC8564 /* Frameworks */ = {
			isa = PBXFrameworksBuildPhase;
			buildActionMask = 2147483647;
			files = (
				261D514B19022FC900BC8564 /* XCTest.framework in Frameworks */,
				261D514D19022FC900BC8564 /* UIKit.framework in Frameworks */,
				261D514C19022FC900BC8564 /* Foundation.framework in Frameworks */,
			);
			runOnlyForDeploymentPostprocessing = 0;
		};
/* End PBXFrameworksBuildPhase section */

/* Begin PBXGroup section */
		261D511F19022FC900BC8564 = {
			isa = PBXGroup;
			children = (
				261D513119022FC900BC8564 /* Attributor */,
				261D515019022FC900BC8564 /* AttributorTests */,
				261D512A19022FC900BC8564 /* Frameworks */,
				261D512919022FC900BC8564 /* Products */,
			);
			sourceTree = "<group>";
		};
		261D512919022FC900BC8564 /* Products */ = {
			isa = PBXGroup;
			children = (
				261D512819022FC900BC8564 /* Attributor.app */,
				261D514919022FC900BC8564 /* AttributorTests.xctest */,
			);
			name = Products;
			sourceTree = "<group>";
		};
		261D512A19022FC900BC8564 /* Frameworks */ = {
			isa = PBXGroup;
			children = (
				261D512B19022FC900BC8564 /* Foundation.framework */,
				261D512D19022FC900BC8564 /* CoreGraphics.framework */,
				261D512F19022FC900BC8564 /* UIKit.framework */,
				261D514A19022FC900BC8564 /* XCTest.framework */,
			);
			name = Frameworks;
			sourceTree = "<group>";
		};
		261D513119022FC900BC8564 /* Attributor */ = {
			isa = PBXGroup;
			children = (
				261D513D19022FC900BC8564 /* Main.storyboard */,
				261D51601902B1FD00BC8564 /* TextStatsViewController.h */,
				261D51611902B1FD00BC8564 /* TextStatsViewController.m */,
				261D514019022FC900BC8564 /* AttributorViewController.h */,
				261D514119022FC900BC8564 /* AttributorViewController.m */,
				261D514319022FC900BC8564 /* Images.xcassets */,
				261D513219022FC900BC8564 /* Supporting Files */,
			);
			path = Attributor;
			sourceTree = "<group>";
		};
		261D513219022FC900BC8564 /* Supporting Files */ = {
			isa = PBXGroup;
			children = (
				261D513A19022FC900BC8564 /* AttributorAppDelegate.h */,
				261D513B19022FC900BC8564 /* AttributorAppDelegate.m */,
				261D513319022FC900BC8564 /* Attributor-Info.plist */,
				261D513419022FC900BC8564 /* InfoPlist.strings */,
				261D513719022FC900BC8564 /* main.m */,
				261D513919022FC900BC8564 /* Attributor-Prefix.pch */,
			);
			name = "Supporting Files";
			sourceTree = "<group>";
		};
		261D515019022FC900BC8564 /* AttributorTests */ = {
			isa = PBXGroup;
			children = (
				261D515619022FC900BC8564 /* AttributorTests.m */,
				261D515119022FC900BC8564 /* Supporting Files */,
			);
			path = AttributorTests;
			sourceTree = "<group>";
		};
		261D515119022FC900BC8564 /* Supporting Files */ = {
			isa = PBXGroup;
			children = (
				261D515219022FC900BC8564 /* AttributorTests-Info.plist */,
				261D515319022FC900BC8564 /* InfoPlist.strings */,
			);
			name = "Supporting Files";
			sourceTree = "<group>";
		};
/* End PBXGroup section */

/* Begin PBXNativeTarget section */
		261D512719022FC900BC8564 /* Attributor */ = {
			isa = PBXNativeTarget;
			buildConfigurationList = 261D515A19022FC900BC8564 /* Build configuration list for PBXNativeTarget "Attributor" */;
			buildPhases = (
				261D512419022FC900BC8564 /* Sources */,
				261D512519022FC900BC8564 /* Frameworks */,
				261D512619022FC900BC8564 /* Resources */,
			);
			buildRules = (
			);
			dependencies = (
			);
			name = Attributor;
			productName = Attributor;
			productReference = 261D512819022FC900BC8564 /* Attributor.app */;
			productType = "com.apple.product-type.application";
		};
		261D514819022FC900BC8564 /* AttributorTests */ = {
			isa = PBXNativeTarget;
			buildConfigurationList = 261D515D19022FC900BC8564 /* Build configuration list for PBXNativeTarget "AttributorTests" */;
			buildPhases = (
				261D514519022FC900BC8564 /* Sources */,
				261D514619022FC900BC8564 /* Frameworks */,
				261D514719022FC900BC8564 /* Resources */,
			);
			buildRules = (
			);
			dependencies = (
				261D514F19022FC900BC8564 /* PBXTargetDependency */,
			);
			name = AttributorTests;
			productName = AttributorTests;
			productReference = 261D514919022FC900BC8564 /* AttributorTests.xctest */;
			productType = "com.apple.product-type.bundle.unit-test";
		};
/* End PBXNativeTarget section */

/* Begin PBXProject section */
		261D512019022FC900BC8564 /* Project object */ = {
			isa = PBXProject;
			attributes = {
				CLASSPREFIX = Attributor;
				LastUpgradeCheck = 0510;
				ORGANIZATIONNAME = dastone.cn;
				TargetAttributes = {
					261D514819022FC900BC8564 = {
						TestTargetID = 261D512719022FC900BC8564;
					};
				};
			};
			buildConfigurationList = 261D512319022FC900BC8564 /* Build configuration list for PBXProject "Attributor" */;
			compatibilityVersion = "Xcode 3.2";
			developmentRegion = English;
			hasScannedForEncodings = 0;
			knownRegions = (
				en,
				Base,
			);
			mainGroup = 261D511F19022FC900BC8564;
			productRefGroup = 261D512919022FC900BC8564 /* Products */;
			projectDirPath = "";
			projectRoot = "";
			targets = (
				261D512719022FC900BC8564 /* Attributor */,
				261D514819022FC900BC8564 /* AttributorTests */,
			);
		};
/* End PBXProject section */

/* Begin PBXResourcesBuildPhase section */
		261D512619022FC900BC8564 /* Resources */ = {
			isa = PBXResourcesBuildPhase;
			buildActionMask = 2147483647;
			files = (
				261D514419022FC900BC8564 /* Images.xcassets in Resources */,
				261D513619022FC900BC8564 /* InfoPlist.strings in Resources */,
				261D513F19022FC900BC8564 /* Main.storyboard in Resources */,
			);
			runOnlyForDeploymentPostprocessing = 0;
		};
		261D514719022FC900BC8564 /* Resources */ = {
			isa = PBXResourcesBuildPhase;
			buildActionMask = 2147483647;
			files = (
				261D515519022FC900BC8564 /* InfoPlist.strings in Resources */,
			);
			runOnlyForDeploymentPostprocessing = 0;
		};
/* End PBXResourcesBuildPhase section */

/* Begin PBXSourcesBuildPhase section */
		261D512419022FC900BC8564 /* Sources */ = {
			isa = PBXSourcesBuildPhase;
			buildActionMask = 2147483647;
			files = (
				261D513C19022FC900BC8564 /* AttributorAppDelegate.m in Sources */,
				261D514219022FC900BC8564 /* AttributorViewController.m in Sources */,
				261D513819022FC900BC8564 /* main.m in Sources */,
				261D51621902B1FD00BC8564 /* TextStatsViewController.m in Sources */,
			);
			runOnlyForDeploymentPostprocessing = 0;
		};
		261D514519022FC900BC8564 /* Sources */ = {
			isa = PBXSourcesBuildPhase;
			buildActionMask = 2147483647;
			files = (
				261D515719022FC900BC8564 /* AttributorTests.m in Sources */,
			);
			runOnlyForDeploymentPostprocessing = 0;
		};
/* End PBXSourcesBuildPhase section */

/* Begin PBXTargetDependency section */
		261D514F19022FC900BC8564 /* PBXTargetDependency */ = {
			isa = PBXTargetDependency;
			target = 261D512719022FC900BC8564 /* Attributor */;
			targetProxy = 261D514E19022FC900BC8564 /* PBXContainerItemProxy */;
		};
/* End PBXTargetDependency section */

/* Begin PBXVariantGroup section */
		261D513419022FC900BC8564 /* InfoPlist.strings */ = {
			isa = PBXVariantGroup;
			children = (
				261D513519022FC900BC8564 /* en */,
			);
			name = InfoPlist.strings;
			sourceTree = "<group>";
		};
		261D513D19022FC900BC8564 /* Main.storyboard */ = {
			isa = PBXVariantGroup;
			children = (
				261D513E19022FC900BC8564 /* Base */,
			);
			name = Main.storyboard;
			sourceTree = "<group>";
		};
		261D515319022FC900BC8564 /* InfoPlist.strings */ = {
			isa = PBXVariantGroup;
			children = (
				261D515419022FC900BC8564 /* en */,
			);
			name = InfoPlist.strings;
			sourceTree = "<group>";
		};
/* End PBXVariantGroup section */

/* Begin XCBuildConfiguration section */
		261D515819022FC900BC8564 /* Debug */ = {
			isa = XCBuildConfiguration;
			buildSettings = {
				ALWAYS_SEARCH_USER_PATHS = NO;
				CLANG_CXX_LANGUAGE_STANDARD = "gnu++0x";
				CLANG_CXX_LIBRARY = "libc++";
				CLANG_ENABLE_MODULES = YES;
				CLANG_ENABLE_OBJC_ARC = YES;
				CLANG_WARN_BOOL_CONVERSION = YES;
				CLANG_WARN_CONSTANT_CONVERSION = YES;
				CLANG_WARN_DIRECT_OBJC_ISA_USAGE = YES_ERROR;
				CLANG_WARN_EMPTY_BODY = YES;
				CLANG_WARN_ENUM_CONVERSION = YES;
				CLANG_WARN_INT_CONVERSION = YES;
				CLANG_WARN_OBJC_ROOT_CLASS = YES_ERROR;
				CLANG_WARN__DUPLICATE_METHOD_MATCH = YES;
				"CODE_SIGN_IDENTITY[sdk=iphoneos*]" = "iPhone Developer";
				COPY_PHASE_STRIP = NO;
				GCC_C_LANGUAGE_STANDARD = gnu99;
				GCC_DYNAMIC_NO_PIC = NO;
				GCC_OPTIMIZATION_LEVEL = 0;
				GCC_PREPROCESSOR_DEFINITIONS = (
					"DEBUG=1",
					"$(inherited)",
				);
				GCC_SYMBOLS_PRIVATE_EXTERN = NO;
				GCC_WARN_64_TO_32_BIT_CONVERSION = YES;
				GCC_WARN_ABOUT_RETURN_TYPE = YES_ERROR;
				GCC_WARN_UNDECLARED_SELECTOR = YES;
				GCC_WARN_UNINITIALIZED_AUTOS = YES_AGGRESSIVE;
				GCC_WARN_UNUSED_FUNCTION = YES;
				GCC_WARN_UNUSED_VARIABLE = YES;
				IPHONEOS_DEPLOYMENT_TARGET = 7.1;
				ONLY_ACTIVE_ARCH = YES;
				SDKROOT = iphoneos;
			};
			name = Debug;
		};
		261D515919022FC900BC8564 /* Release */ = {
			isa = XCBuildConfiguration;
			buildSettings = {
				ALWAYS_SEARCH_USER_PATHS = NO;
				CLANG_CXX_LANGUAGE_STANDARD = "gnu++0x";
				CLANG_CXX_LIBRARY = "libc++";
				CLANG_ENABLE_MODULES = YES;
				CLANG_ENABLE_OBJC_ARC = YES;
				CLANG_WARN_BOOL_CONVERSION = YES;
				CLANG_WARN_CONSTANT_CONVERSION = YES;
				CLANG_WARN_DIRECT_OBJC_ISA_USAGE = YES_ERROR;
				CLANG_WARN_EMPTY_BODY = YES;
				CLANG_WARN_ENUM_CONVERSION = YES;
				CLANG_WARN_INT_CONVERSION = YES;
				CLANG_WARN_OBJC_ROOT_CLASS = YES_ERROR;
				CLANG_WARN__DUPLICATE_METHOD_MATCH = YES;
				"CODE_SIGN_IDENTITY[sdk=iphoneos*]" = "iPhone Developer";
				COPY_PHASE_STRIP = YES;
				ENABLE_NS_ASSERTIONS = NO;
				GCC_C_LANGUAGE_STANDARD = gnu99;
				GCC_WARN_64_TO_32_BIT_CONVERSION = YES;
				GCC_WARN_ABOUT_RETURN_TYPE = YES_ERROR;
				GCC_WARN_UNDECLARED_SELECTOR = YES;
				GCC_WARN_UNINITIALIZED_AUTOS = YES_AGGRESSIVE;
				GCC_WARN_UNUSED_FUNCTION = YES;
				GCC_WARN_UNUSED_VARIABLE = YES;
				IPHONEOS_DEPLOYMENT_TARGET = 7.1;
				SDKROOT = iphoneos;
				VALIDATE_PRODUCT = YES;
			};
			name = Release;
		};
		261D515B19022FC900BC8564 /* Debug */ = {
			isa = XCBuildConfiguration;
			buildSettings = {
				ASSETCATALOG_COMPILER_APPICON_NAME = AppIcon;
				ASSETCATALOG_COMPILER_LAUNCHIMAGE_NAME = LaunchImage;
				GCC_PRECOMPILE_PREFIX_HEADER = YES;
				GCC_PREFIX_HEADER = "Attributor/Attributor-Prefix.pch";
				INFOPLIST_FILE = "Attributor/Attributor-Info.plist";
				PRODUCT_NAME = "$(TARGET_NAME)";
				WRAPPER_EXTENSION = app;
			};
			name = Debug;
		};
		261D515C19022FC900BC8564 /* Release */ = {
			isa = XCBuildConfiguration;
			buildSettings = {
				ASSETCATALOG_COMPILER_APPICON_NAME = AppIcon;
				ASSETCATALOG_COMPILER_LAUNCHIMAGE_NAME = LaunchImage;
				GCC_PRECOMPILE_PREFIX_HEADER = YES;
				GCC_PREFIX_HEADER = "Attributor/Attributor-Prefix.pch";
				INFOPLIST_FILE = "Attributor/Attributor-Info.plist";
				PRODUCT_NAME = "$(TARGET_NAME)";
				WRAPPER_EXTENSION = app;
			};
			name = Release;
		};
		261D515E19022FC900BC8564 /* Debug */ = {
			isa = XCBuildConfiguration;
			buildSettings = {
				BUNDLE_LOADER = "$(BUILT_PRODUCTS_DIR)/Attributor.app/Attributor";
				FRAMEWORK_SEARCH_PATHS = (
					"$(SDKROOT)/Developer/Library/Frameworks",
					"$(inherited)",
					"$(DEVELOPER_FRAMEWORKS_DIR)",
				);
				GCC_PRECOMPILE_PREFIX_HEADER = YES;
				GCC_PREFIX_HEADER = "Attributor/Attributor-Prefix.pch";
				GCC_PREPROCESSOR_DEFINITIONS = (
					"DEBUG=1",
					"$(inherited)",
				);
				INFOPLIST_FILE = "AttributorTests/AttributorTests-Info.plist";
				PRODUCT_NAME = "$(TARGET_NAME)";
				TEST_HOST = "$(BUNDLE_LOADER)";
				WRAPPER_EXTENSION = xctest;
			};
			name = Debug;
		};
		261D515F19022FC900BC8564 /* Release */ = {
			isa = XCBuildConfiguration;
			buildSettings = {
				BUNDLE_LOADER = "$(BUILT_PRODUCTS_DIR)/Attributor.app/Attributor";
				FRAMEWORK_SEARCH_PATHS = (
					"$(SDKROOT)/Developer/Library/Frameworks",
					"$(inherited)",
					"$(DEVELOPER_FRAMEWORKS_DIR)",
				);
				GCC_PRECOMPILE_PREFIX_HEADER = YES;
				GCC_PREFIX_HEADER = "Attributor/Attributor-Prefix.pch";
				INFOPLIST_FILE = "AttributorTests/AttributorTests-Info.plist";
				PRODUCT_NAME = "$(TARGET_NAME)";
				TEST_HOST = "$(BUNDLE_LOADER)";
				WRAPPER_EXTENSION = xctest;
			};
			name = Release;
		};
/* End XCBuildConfiguration section */

/* Begin XCConfigurationList section */
		261D512319022FC900BC8564 /* Build configuration list for PBXProject "Attributor" */ = {
			isa = XCConfigurationList;
			buildConfigurations = (
				261D515819022FC900BC8564 /* Debug */,
				261D515919022FC900BC8564 /* Release */,
			);
			defaultConfigurationIsVisible = 0;
			defaultConfigurationName = Release;
		};
		261D515A19022FC900BC8564 /* Build configuration list for PBXNativeTarget "Attributor" */ = {
			isa = XCConfigurationList;
			buildConfigurations = (
				261D515B19022FC900BC8564 /* Debug */,
				261D515C19022FC900BC8564 /* Release */,
			);
			defaultConfigurationIsVisible = 0;
		};
		261D515D19022FC900BC8564 /* Build configuration list for PBXNativeTarget "AttributorTests" */ = {
			isa = XCConfigurationList;
			buildConfigurations = (
				261D515E19022FC900BC8564 /* Debug */,
				261D515F19022FC900BC8564 /* Release */,
			);
			defaultConfigurationIsVisible = 0;
		};
/* End XCConfigurationList section */
	};
	rootObject = 261D512019022FC900BC8564 /* Project object */;
}
